// !$*UTF8*$!
{
	archiveVersion = 1;
	classes = {
	};
	objectVersion = 56;
	objects = {

/* Begin PBXBuildFile section */
		11111111111111111111111A /* DataLeashApp.swift in Sources */ = {isa = PBXBuildFile; fileRef = 11111111111111111111111B /* DataLeashApp.swift */; };
		11111111111111111111111C /* Config.swift in Sources */ = {isa = PBXBuildFile; fileRef = 11111111111111111111111D /* Config.swift */; };
		11111111111111111111111E /* Models.swift in Sources */ = {isa = PBXBuildFile; fileRef = 11111111111111111111111F /* Models.swift */; };
		111111111111111111111120 /* AuthService.swift in Sources */ = {isa = PBXBuildFile; fileRef = 111111111111111111111121 /* AuthService.swift */; };
		111111111111111111111122 /* FileService.swift in Sources */ = {isa = PBXBuildFile; fileRef = 111111111111111111111123 /* FileService.swift */; };
		111111111111111111111124 /* SecureContainer.swift in Sources */ = {isa = PBXBuildFile; fileRef = 111111111111111111111125 /* SecureContainer.swift */; };
		111111111111111111111126 /* ScreenProtection.swift in Sources */ = {isa = PBXBuildFile; fileRef = 111111111111111111111127 /* ScreenProtection.swift */; };
		111111111111111111111128 /* ContentView.swift in Sources */ = {isa = PBXBuildFile; fileRef = 111111111111111111111129 /* ContentView.swift */; };
		11111111111111111111112A /* LoginView.swift in Sources */ = {isa = PBXBuildFile; fileRef = 11111111111111111111112B /* LoginView.swift */; };
		11111111111111111111112C /* FileAccessView.swift in Sources */ = {isa = PBXBuildFile; fileRef = 11111111111111111111112D /* FileAccessView.swift */; };
		11111111111111111111112E /* Assets.xcassets in Resources */ = {isa = PBXBuildFile; fileRef = 11111111111111111111112F /* Assets.xcassets */; };
		111111111111111111111154 /* Friend.swift in Sources */ = {isa = PBXBuildFile; fileRef = 111111111111111111111150 /* Friend.swift */; };
		111111111111111111111155 /* SocialService.swift in Sources */ = {isa = PBXBuildFile; fileRef = 111111111111111111111151 /* SocialService.swift */; };
		111111111111111111111156 /* AuthView.swift in Sources */ = {isa = PBXBuildFile; fileRef = 111111111111111111111152 /* AuthView.swift */; };
		111111111111111111111157 /* FriendsView.swift in Sources */ = {isa = PBXBuildFile; fileRef = 111111111111111111111153 /* FriendsView.swift */; };
		111111111111111111111160 /* MainTabView.swift in Sources */ = {isa = PBXBuildFile; fileRef = 111111111111111111111161 /* MainTabView.swift */; };
		111111111111111111111162 /* DashboardView.swift in Sources */ = {isa = PBXBuildFile; fileRef = 111111111111111111111163 /* DashboardView.swift */; };
		111111111111111111111164 /* FilesView.swift in Sources */ = {isa = PBXBuildFile; fileRef = 111111111111111111111165 /* FilesView.swift */; };
		111111111111111111111166 /* InboxView.swift in Sources */ = {isa = PBXBuildFile; fileRef = 111111111111111111111167 /* InboxView.swift */; };
		111111111111111111111168 /* ChatView.swift in Sources */ = {isa = PBXBuildFile; fileRef = 111111111111111111111169 /* ChatView.swift */; };
		111111111111111111111170 /* DashboardService.swift in Sources */ = {isa = PBXBuildFile; fileRef = 111111111111111111111171 /* DashboardService.swift */; };
		111111111111111111111172 /* ChatService.swift in Sources */ = {isa = PBXBuildFile; fileRef = 111111111111111111111173 /* ChatService.swift */; };
		111111111111111111111174 /* FilesManagementService.swift in Sources */ = {isa = PBXBuildFile; fileRef = 111111111111111111111175 /* FilesManagementService.swift */; };
		111111111111111111111176 /* InboxService.swift in Sources */ = {isa = PBXBuildFile; fileRef = 111111111111111111111177 /* InboxService.swift */; };
		111111111111111111111180 /* APIClient.swift in Sources */ = {isa = PBXBuildFile; fileRef = 111111111111111111111181 /* APIClient.swift */; };
		111111111111111111111182 /* SupabaseClient.swift in Sources */ = {isa = PBXBuildFile; fileRef = 111111111111111111111183 /* SupabaseClient.swift */; };
		111111111111111111111184 /* HomeView.swift in Sources */ = {isa = PBXBuildFile; fileRef = 111111111111111111111185 /* HomeView.swift */; };
		111111111111111111111186 /* ProfileView.swift in Sources */ = {isa = PBXBuildFile; fileRef = 111111111111111111111187 /* ProfileView.swift */; };
		111111111111111111111188 /* ShareSheet.swift in Sources */ = {isa = PBXBuildFile; fileRef = 111111111111111111111189 /* ShareSheet.swift */; };
/* End PBXBuildFile section */

/* Begin PBXFileReference section */
		11111111111111111111111B /* DataLeashApp.swift */ = {isa = PBXFileReference; lastKnownFileType = sourcecode.swift; path = DataLeashApp.swift; sourceTree = "<group>"; };
		11111111111111111111111D /* Config.swift */ = {isa = PBXFileReference; lastKnownFileType = sourcecode.swift; path = Config.swift; sourceTree = "<group>"; };
		11111111111111111111111F /* Models.swift */ = {isa = PBXFileReference; lastKnownFileType = sourcecode.swift; path = Models.swift; sourceTree = "<group>"; };
		111111111111111111111121 /* AuthService.swift */ = {isa = PBXFileReference; lastKnownFileType = sourcecode.swift; path = AuthService.swift; sourceTree = "<group>"; };
		111111111111111111111123 /* FileService.swift */ = {isa = PBXFileReference; lastKnownFileType = sourcecode.swift; path = FileService.swift; sourceTree = "<group>"; };
		111111111111111111111125 /* SecureContainer.swift */ = {isa = PBXFileReference; lastKnownFileType = sourcecode.swift; path = SecureContainer.swift; sourceTree = "<group>"; };
		111111111111111111111127 /* ScreenProtection.swift */ = {isa = PBXFileReference; lastKnownFileType = sourcecode.swift; path = ScreenProtection.swift; sourceTree = "<group>"; };
		111111111111111111111129 /* ContentView.swift */ = {isa = PBXFileReference; lastKnownFileType = sourcecode.swift; path = ContentView.swift; sourceTree = "<group>"; };
		11111111111111111111112B /* LoginView.swift */ = {isa = PBXFileReference; lastKnownFileType = sourcecode.swift; path = LoginView.swift; sourceTree = "<group>"; };
		11111111111111111111112D /* FileAccessView.swift */ = {isa = PBXFileReference; lastKnownFileType = sourcecode.swift; path = FileAccessView.swift; sourceTree = "<group>"; };
		11111111111111111111112F /* Assets.xcassets */ = {isa = PBXFileReference; lastKnownFileType = folder.assetcatalog; path = Assets.xcassets; sourceTree = "<group>"; };
		111111111111111111111150 /* Friend.swift */ = {isa = PBXFileReference; lastKnownFileType = sourcecode.swift; path = Friend.swift; sourceTree = "<group>"; };
		111111111111111111111151 /* SocialService.swift */ = {isa = PBXFileReference; lastKnownFileType = sourcecode.swift; path = SocialService.swift; sourceTree = "<group>"; };
		111111111111111111111152 /* AuthView.swift */ = {isa = PBXFileReference; lastKnownFileType = sourcecode.swift; path = AuthView.swift; sourceTree = "<group>"; };
		111111111111111111111153 /* FriendsView.swift */ = {isa = PBXFileReference; lastKnownFileType = sourcecode.swift; path = FriendsView.swift; sourceTree = "<group>"; };
		111111111111111111111161 /* MainTabView.swift */ = {isa = PBXFileReference; lastKnownFileType = sourcecode.swift; path = MainTabView.swift; sourceTree = "<group>"; };
		111111111111111111111163 /* DashboardView.swift */ = {isa = PBXFileReference; lastKnownFileType = sourcecode.swift; path = DashboardView.swift; sourceTree = "<group>"; };
		111111111111111111111165 /* FilesView.swift */ = {isa = PBXFileReference; lastKnownFileType = sourcecode.swift; path = FilesView.swift; sourceTree = "<group>"; };
		111111111111111111111167 /* InboxView.swift */ = {isa = PBXFileReference; lastKnownFileType = sourcecode.swift; path = InboxView.swift; sourceTree = "<group>"; };
		111111111111111111111169 /* ChatView.swift */ = {isa = PBXFileReference; lastKnownFileType = sourcecode.swift; path = ChatView.swift; sourceTree = "<group>"; };
		111111111111111111111171 /* DashboardService.swift */ = {isa = PBXFileReference; lastKnownFileType = sourcecode.swift; path = DashboardService.swift; sourceTree = "<group>"; };
		111111111111111111111173 /* ChatService.swift */ = {isa = PBXFileReference; lastKnownFileType = sourcecode.swift; path = ChatService.swift; sourceTree = "<group>"; };
		111111111111111111111175 /* FilesManagementService.swift */ = {isa = PBXFileReference; lastKnownFileType = sourcecode.swift; path = FilesManagementService.swift; sourceTree = "<group>"; };
		111111111111111111111177 /* InboxService.swift */ = {isa = PBXFileReference; lastKnownFileType = sourcecode.swift; path = InboxService.swift; sourceTree = "<group>"; };
		111111111111111111111181 /* APIClient.swift */ = {isa = PBXFileReference; lastKnownFileType = sourcecode.swift; path = APIClient.swift; sourceTree = "<group>"; };
		111111111111111111111183 /* SupabaseClient.swift */ = {isa = PBXFileReference; lastKnownFileType = sourcecode.swift; path = SupabaseClient.swift; sourceTree = "<group>"; };
		111111111111111111111185 /* HomeView.swift */ = {isa = PBXFileReference; lastKnownFileType = sourcecode.swift; path = HomeView.swift; sourceTree = "<group>"; };
		111111111111111111111187 /* ProfileView.swift */ = {isa = PBXFileReference; lastKnownFileType = sourcecode.swift; path = ProfileView.swift; sourceTree = "<group>"; };
		111111111111111111111189 /* ShareSheet.swift */ = {isa = PBXFileReference; lastKnownFileType = sourcecode.swift; path = ShareSheet.swift; sourceTree = "<group>"; };
		111111111111111111111130 /* DataLeash.app */ = {isa = PBXFileReference; explicitFileType = wrapper.application; includeInIndex = 0; path = DataLeash.app; sourceTree = BUILT_PRODUCTS_DIR; };
		111111111111111111111131 /* Info.plist */ = {isa = PBXFileReference; lastKnownFileType = text.plist.xml; path = Info.plist; sourceTree = "<group>"; };
/* End PBXFileReference section */

/* Begin PBXFrameworksBuildPhase section */
		111111111111111111111132 /* Frameworks */ = {
			isa = PBXFrameworksBuildPhase;
			buildActionMask = 2147483647;
			files = (
			);
			runOnlyForDeploymentPostprocessing = 0;
		};
/* End PBXFrameworksBuildPhase section */

/* Begin PBXGroup section */
		111111111111111111111133 = {
			isa = PBXGroup;
			children = (
				111111111111111111111134 /* DataLeash */,
				111111111111111111111135 /* Products */,
			);
			sourceTree = "<group>";
		};
		111111111111111111111134 /* DataLeash */ = {
			isa = PBXGroup;
			children = (
				11111111111111111111111B /* DataLeashApp.swift */,
				11111111111111111111111D /* Config.swift */,
				111111111111111111111136 /* Models */,
				111111111111111111111137 /* Services */,
				111111111111111111111138 /* Views */,
				111111111111111111111139 /* Security */,
				11111111111111111111112F /* Assets.xcassets */,
				111111111111111111111131 /* Info.plist */,
			);
			path = DataLeash;
			sourceTree = "<group>";
		};
		111111111111111111111135 /* Products */ = {
			isa = PBXGroup;
			children = (
				111111111111111111111130 /* DataLeash.app */,
			);
			name = Products;
			sourceTree = "<group>";
		};
		111111111111111111111136 /* Models */ = {
			isa = PBXGroup;
			children = (
				11111111111111111111111F /* Models.swift */,
				111111111111111111111150 /* Friend.swift */,
			);
			path = Models;
			sourceTree = "<group>";
		};
		111111111111111111111137 /* Services */ = {
			isa = PBXGroup;
			children = (
				111111111111111111111121 /* AuthService.swift */,
				111111111111111111111123 /* FileService.swift */,
				111111111111111111111151 /* SocialService.swift */,
				111111111111111111111171 /* DashboardService.swift */,
				111111111111111111111173 /* ChatService.swift */,
				111111111111111111111175 /* FilesManagementService.swift */,
				111111111111111111111177 /* InboxService.swift */,
				111111111111111111111181 /* APIClient.swift */,
				111111111111111111111183 /* SupabaseClient.swift */,
			);
			path = Services;
			sourceTree = "<group>";
		};
		111111111111111111111138 /* Views */ = {
			isa = PBXGroup;
			children = (
				111111111111111111111129 /* ContentView.swift */,
				11111111111111111111112B /* LoginView.swift */,
				11111111111111111111112D /* FileAccessView.swift */,
				111111111111111111111152 /* AuthView.swift */,
				111111111111111111111153 /* FriendsView.swift */,
				111111111111111111111161 /* MainTabView.swift */,
				111111111111111111111163 /* DashboardView.swift */,
				111111111111111111111165 /* FilesView.swift */,
				111111111111111111111167 /* InboxView.swift */,
				111111111111111111111169 /* ChatView.swift */,
				111111111111111111111185 /* HomeView.swift */,
				111111111111111111111187 /* ProfileView.swift */,
				111111111111111111111189 /* ShareSheet.swift */,
			);
			path = Views;
			sourceTree = "<group>";
		};
		111111111111111111111139 /* Security */ = {
			isa = PBXGroup;
			children = (
				111111111111111111111125 /* SecureContainer.swift */,
				111111111111111111111127 /* ScreenProtection.swift */,
			);
			path = Security;
			sourceTree = "<group>";
		};
/* End PBXGroup section */

/* Begin PBXNativeTarget section */
		11111111111111111111113A /* DataLeash */ = {
			isa = PBXNativeTarget;
			buildConfigurationList = 11111111111111111111113B /* Build configuration list for PBXNativeTarget "DataLeash" */;
			buildPhases = (
				11111111111111111111113C /* Sources */,
				111111111111111111111132 /* Frameworks */,
				11111111111111111111113D /* Resources */,
			);
			buildRules = (
			);
			dependencies = (
			);
			name = DataLeash;
			productName = DataLeash;
			productReference = 111111111111111111111130 /* DataLeash.app */;
			productType = "com.apple.product-type.application";
		};
/* End PBXNativeTarget section */

/* Begin PBXProject section */
		11111111111111111111113E /* Project object */ = {
			isa = PBXProject;
			attributes = {
				BuildIndependentTargetsInParallel = 1;
				LastSwiftUpdateCheck = 1500;
				LastUpgradeCheck = 1500;
				TargetAttributes = {
					11111111111111111111113A = {
						CreatedOnToolsVersion = 15.0;
					};
				};
			};
			buildConfigurationList = 11111111111111111111113F /* Build configuration list for PBXProject "DataLeash" */;
			compatibilityVersion = "Xcode 14.0";
			developmentRegion = en;
			hasScannedForEncodings = 0;
			knownRegions = (
				en,
				Base,
			);
			mainGroup = 111111111111111111111133;
			productRefGroup = 111111111111111111111135 /* Products */;
			projectDirPath = "";
			projectRoot = "";
			targets = (
				11111111111111111111113A /* DataLeash */,
			);
		};
/* End PBXProject section */

/* Begin PBXResourcesBuildPhase section */
		11111111111111111111113D /* Resources */ = {
			isa = PBXResourcesBuildPhase;
			buildActionMask = 2147483647;
			files = (
				11111111111111111111112E /* Assets.xcassets in Resources */,
			);
			runOnlyForDeploymentPostprocessing = 0;
		};
/* End PBXResourcesBuildPhase section */

/* Begin PBXSourcesBuildPhase section */
		11111111111111111111113C /* Sources */ = {
			isa = PBXSourcesBuildPhase;
			buildActionMask = 2147483647;
			files = (
				11111111111111111111111A /* DataLeashApp.swift in Sources */,
				11111111111111111111111C /* Config.swift in Sources */,
				11111111111111111111111E /* Models.swift in Sources */,
				111111111111111111111120 /* AuthService.swift in Sources */,
				111111111111111111111122 /* FileService.swift in Sources */,
				111111111111111111111124 /* SecureContainer.swift in Sources */,
				111111111111111111111126 /* ScreenProtection.swift in Sources */,
				111111111111111111111128 /* ContentView.swift in Sources */,
				11111111111111111111112A /* LoginView.swift in Sources */,
				11111111111111111111112C /* FileAccessView.swift in Sources */,
				111111111111111111111154 /* Friend.swift in Sources */,
				111111111111111111111155 /* SocialService.swift in Sources */,
				111111111111111111111156 /* AuthView.swift in Sources */,
				111111111111111111111157 /* FriendsView.swift in Sources */,
				111111111111111111111160 /* MainTabView.swift in Sources */,
				111111111111111111111162 /* DashboardView.swift in Sources */,
				111111111111111111111164 /* FilesView.swift in Sources */,
				111111111111111111111166 /* InboxView.swift in Sources */,
				111111111111111111111168 /* ChatView.swift in Sources */,
				111111111111111111111170 /* DashboardService.swift in Sources */,
				111111111111111111111172 /* ChatService.swift in Sources */,
				111111111111111111111174 /* FilesManagementService.swift in Sources */,
				111111111111111111111176 /* InboxService.swift in Sources */,
				111111111111111111111180 /* APIClient.swift in Sources */,
				111111111111111111111182 /* SupabaseClient.swift in Sources */,
				111111111111111111111184 /* HomeView.swift in Sources */,
				111111111111111111111186 /* ProfileView.swift in Sources */,
				111111111111111111111188 /* ShareSheet.swift in Sources */,
			);
			runOnlyForDeploymentPostprocessing = 0;
		};
/* End PBXSourcesBuildPhase section */

/* Begin XCBuildConfiguration section */
		111111111111111111111140 /* Debug */ = {
			isa = XCBuildConfiguration;
			buildSettings = {
				ALWAYS_SEARCH_USER_PATHS = NO;
				ASSETCATALOG_COMPILER_GENERATE_SWIFT_ASSET_SYMBOL_EXTENSIONS = YES;
				CLANG_ANALYZER_NONNULL = YES;
				CLANG_ANALYZER_NUMBER_OBJECT_CONVERSION = YES_AGGRESSIVE;
				CLANG_CXX_LANGUAGE_STANDARD = "gnu++20";
				CLANG_ENABLE_MODULES = YES;
				CLANG_ENABLE_OBJC_ARC = YES;
				CLANG_ENABLE_OBJC_WEAK = YES;
				CLANG_WARN_BLOCK_CAPTURE_AUTORELEASING = YES;
				CLANG_WARN_BOOL_CONVERSION = YES;
				CLANG_WARN_COMMA = YES;
				CLANG_WARN_CONSTANT_CONVERSION = YES;
				CLANG_WARN_DEPRECATED_OBJC_IMPLEMENTATIONS = YES;
				CLANG_WARN_DIRECT_OBJC_ISA_USAGE = YES_ERROR;
				CLANG_WARN_DOCUMENTATION_COMMENTS = YES;
				CLANG_WARN_EMPTY_BODY = YES;
				CLANG_WARN_ENUM_CONVERSION = YES;
				CLANG_WARN_INFINITE_RECURSION = YES;
				CLANG_WARN_INT_CONVERSION = YES;
				CLANG_WARN_NON_LITERAL_NULL_CONVERSION = YES;
				CLANG_WARN_OBJC_IMPLICIT_RETAIN_SELF = YES;
				CLANG_WARN_OBJC_LITERAL_CONVERSION = YES;
				CLANG_WARN_OBJC_ROOT_CLASS = YES_ERROR;
				CLANG_WARN_QUOTED_INCLUDE_IN_FRAMEWORK_HEADER = YES;
				CLANG_WARN_RANGE_LOOP_ANALYSIS = YES;
				CLANG_WARN_STRICT_PROTOTYPES = YES;
				CLANG_WARN_SUSPICIOUS_MOVE = YES;
				CLANG_WARN_UNGUARDED_AVAILABILITY = YES_AGGRESSIVE;
				CLANG_WARN_UNREACHABLE_CODE = YES;
				CLANG_WARN__DUPLICATE_METHOD_MATCH = YES;
				COPY_PHASE_STRIP = NO;
				DEBUG_INFORMATION_FORMAT = dwarf;
				ENABLE_STRICT_OBJC_MSGSEND = YES;
				ENABLE_TESTABILITY = YES;
				ENABLE_USER_SCRIPT_SANDBOXING = YES;
				GCC_C_LANGUAGE_STANDARD = gnu17;
				GCC_DYNAMIC_NO_PIC = NO;
				GCC_NO_COMMON_BLOCKS = YES;
				GCC_OPTIMIZATION_LEVEL = 0;
				GCC_PREPROCESSOR_DEFINITIONS = (
					"DEBUG=1",
					"$(inherited)",
				);
				GCC_WARN_64_TO_32_BIT_CONVERSION = YES;
				GCC_WARN_ABOUT_RETURN_TYPE = YES_ERROR;
				GCC_WARN_UNDECLARED_SELECTOR = YES;
				GCC_WARN_UNINITIALIZED_AUTOS = YES_AGGRESSIVE;
				GCC_WARN_UNUSED_FUNCTION = YES;
				GCC_WARN_UNUSED_VARIABLE = YES;
				IPHONEOS_DEPLOYMENT_TARGET = 17.0;
				LOCALIZATION_PREFERS_STRING_CATALOGS = YES;
				MTL_ENABLE_DEBUG_INFO = INCLUDE_SOURCE;
				MTL_FAST_MATH = YES;
				ONLY_ACTIVE_ARCH = YES;
				SDKROOT = iphoneos;
				SWIFT_ACTIVE_COMPILATION_CONDITIONS = "DEBUG $(inherited)";
				SWIFT_OPTIMIZATION_LEVEL = "-Onone";
			};
			name = Debug;
		};
		111111111111111111111141 /* Release */ = {
			isa = XCBuildConfiguration;
			buildSettings = {
				ALWAYS_SEARCH_USER_PATHS = NO;
				ASSETCATALOG_COMPILER_GENERATE_SWIFT_ASSET_SYMBOL_EXTENSIONS = YES;
				CLANG_ANALYZER_NONNULL = YES;
				CLANG_ANALYZER_NUMBER_OBJECT_CONVERSION = YES_AGGRESSIVE;
				CLANG_CXX_LANGUAGE_STANDARD = "gnu++20";
				CLANG_ENABLE_MODULES = YES;
				CLANG_ENABLE_OBJC_ARC = YES;
				CLANG_ENABLE_OBJC_WEAK = YES;
				CLANG_WARN_BLOCK_CAPTURE_AUTORELEASING = YES;
				CLANG_WARN_BOOL_CONVERSION = YES;
				CLANG_WARN_COMMA = YES;
				CLANG_WARN_CONSTANT_CONVERSION = YES;
				CLANG_WARN_DEPRECATED_OBJC_IMPLEMENTATIONS = YES;
				CLANG_WARN_DIRECT_OBJC_ISA_USAGE = YES_ERROR;
				CLANG_WARN_DOCUMENTATION_COMMENTS = YES;
				CLANG_WARN_EMPTY_BODY = YES;
				CLANG_WARN_ENUM_CONVERSION = YES;
				CLANG_WARN_INFINITE_RECURSION = YES;
				CLANG_WARN_INT_CONVERSION = YES;
				CLANG_WARN_NON_LITERAL_NULL_CONVERSION = YES;
				CLANG_WARN_OBJC_IMPLICIT_RETAIN_SELF = YES;
				CLANG_WARN_OBJC_LITERAL_CONVERSION = YES;
				CLANG_WARN_OBJC_ROOT_CLASS = YES_ERROR;
				CLANG_WARN_QUOTED_INCLUDE_IN_FRAMEWORK_HEADER = YES;
				CLANG_WARN_RANGE_LOOP_ANALYSIS = YES;
				CLANG_WARN_STRICT_PROTOTYPES = YES;
				CLANG_WARN_SUSPICIOUS_MOVE = YES;
				CLANG_WARN_UNGUARDED_AVAILABILITY = YES_AGGRESSIVE;
				CLANG_WARN_UNREACHABLE_CODE = YES;
				CLANG_WARN__DUPLICATE_METHOD_MATCH = YES;
				COPY_PHASE_STRIP = NO;
				DEBUG_INFORMATION_FORMAT = "dwarf-with-dsym";
				ENABLE_NS_ASSERTIONS = NO;
				ENABLE_STRICT_OBJC_MSGSEND = YES;
				ENABLE_USER_SCRIPT_SANDBOXING = YES;
				GCC_C_LANGUAGE_STANDARD = gnu17;
				GCC_NO_COMMON_BLOCKS = YES;
				GCC_WARN_64_TO_32_BIT_CONVERSION = YES;
				GCC_WARN_ABOUT_RETURN_TYPE = YES_ERROR;
				GCC_WARN_UNDECLARED_SELECTOR = YES;
				GCC_WARN_UNINITIALIZED_AUTOS = YES_AGGRESSIVE;
				GCC_WARN_UNUSED_FUNCTION = YES;
				GCC_WARN_UNUSED_VARIABLE = YES;
				IPHONEOS_DEPLOYMENT_TARGET = 17.0;
				LOCALIZATION_PREFERS_STRING_CATALOGS = YES;
				MTL_ENABLE_DEBUG_INFO = NO;
				MTL_FAST_MATH = YES;
				SDKROOT = iphoneos;
				SWIFT_COMPILATION_MODE = wholemodule;
				VALIDATE_PRODUCT = YES;
			};
			name = Release;
		};
		111111111111111111111142 /* Debug */ = {
			isa = XCBuildConfiguration;
			buildSettings = {
				ASSETCATALOG_COMPILER_APPICON_NAME = AppIcon;
				ASSETCATALOG_COMPILER_GLOBAL_ACCENT_COLOR_NAME = AccentColor;
				CODE_SIGN_STYLE = Automatic;
				CURRENT_PROJECT_VERSION = 1;
				DEVELOPMENT_TEAM = FCV744L9NU;
				ENABLE_PREVIEWS = YES;
				GENERATE_INFOPLIST_FILE = YES;
				INFOPLIST_FILE = DataLeash/Info.plist;
				INFOPLIST_KEY_CFBundleDisplayName = DataLeash;
				INFOPLIST_KEY_UIApplicationSceneManifest_Generation = YES;
				INFOPLIST_KEY_UIApplicationSupportsIndirectInputEvents = YES;
				INFOPLIST_KEY_UILaunchScreen_Generation = YES;
				INFOPLIST_KEY_UISupportedInterfaceOrientations = UIInterfaceOrientationPortrait;
				INFOPLIST_KEY_UISupportedInterfaceOrientations_iPad = "UIInterfaceOrientationLandscapeLeft UIInterfaceOrientationLandscapeRight UIInterfaceOrientationPortrait UIInterfaceOrientationPortraitUpsideDown";
				LD_RUNPATH_SEARCH_PATHS = (
					"$(inherited)",
					"@executable_path/Frameworks",
				);
				MARKETING_VERSION = 1.0;
				PRODUCT_BUNDLE_IDENTIFIER = io.dataleash.app;
				PRODUCT_NAME = "$(TARGET_NAME)";
				SWIFT_EMIT_LOC_STRINGS = YES;
				SWIFT_VERSION = 5.0;
				TARGETED_DEVICE_FAMILY = "1,2";
			};
			name = Debug;
		};
		111111111111111111111143 /* Release */ = {
			isa = XCBuildConfiguration;
			buildSettings = {
				ASSETCATALOG_COMPILER_APPICON_NAME = AppIcon;
				ASSETCATALOG_COMPILER_GLOBAL_ACCENT_COLOR_NAME = AccentColor;
				CODE_SIGN_STYLE = Automatic;
				CURRENT_PROJECT_VERSION = 1;
				DEVELOPMENT_TEAM = FCV744L9NU;
				ENABLE_PREVIEWS = YES;
				GENERATE_INFOPLIST_FILE = YES;
				INFOPLIST_FILE = DataLeash/Info.plist;
				INFOPLIST_KEY_CFBundleDisplayName = DataLeash;
				INFOPLIST_KEY_UIApplicationSceneManifest_Generation = YES;
				INFOPLIST_KEY_UIApplicationSupportsIndirectInputEvents = YES;
				INFOPLIST_KEY_UILaunchScreen_Generation = YES;
				INFOPLIST_KEY_UISupportedInterfaceOrientations = UIInterfaceOrientationPortrait;
				INFOPLIST_KEY_UISupportedInterfaceOrientations_iPad = "UIInterfaceOrientationLandscapeLeft UIInterfaceOrientationLandscapeRight UIInterfaceOrientationPortrait UIInterfaceOrientationPortraitUpsideDown";
				LD_RUNPATH_SEARCH_PATHS = (
					"$(inherited)",
					"@executable_path/Frameworks",
				);
				MARKETING_VERSION = 1.0;
				PRODUCT_BUNDLE_IDENTIFIER = io.dataleash.app;
				PRODUCT_NAME = "$(TARGET_NAME)";
				SWIFT_EMIT_LOC_STRINGS = YES;
				SWIFT_VERSION = 5.0;
				TARGETED_DEVICE_FAMILY = "1,2";
			};
			name = Release;
		};
/* End XCBuildConfiguration section */

/* Begin XCConfigurationList section */
		11111111111111111111113B /* Build configuration list for PBXNativeTarget "DataLeash" */ = {
			isa = XCConfigurationList;
			buildConfigurations = (
				111111111111111111111142 /* Debug */,
				111111111111111111111143 /* Release */,
			);
			defaultConfigurationIsVisible = 0;
			defaultConfigurationName = Release;
		};
		11111111111111111111113F /* Build configuration list for PBXProject "DataLeash" */ = {
			isa = XCConfigurationList;
			buildConfigurations = (
				111111111111111111111140 /* Debug */,
				111111111111111111111141 /* Release */,
			);
			defaultConfigurationIsVisible = 0;
			defaultConfigurationName = Release;
		};
/* End XCConfigurationList section */
	};
	rootObject = 11111111111111111111113E /* Project object */;
}
